// !$*UTF8*$!
{
	archiveVersion = 1;
	classes = {
	};
	objectVersion = 46;
	objects = {

/* Begin PBXBuildFile section */
		AA500F4D1BECB31A00A9328D /* AppDelegate.swift in Sources */ = {isa = PBXBuildFile; fileRef = AA500F4C1BECB31A00A9328D /* AppDelegate.swift */; };
		AA500F4F1BECB31A00A9328D /* ViewController.swift in Sources */ = {isa = PBXBuildFile; fileRef = AA500F4E1BECB31A00A9328D /* ViewController.swift */; };
		AA500F521BECB31A00A9328D /* Main.storyboard in Resources */ = {isa = PBXBuildFile; fileRef = AA500F501BECB31A00A9328D /* Main.storyboard */; };
		AA500F541BECB31A00A9328D /* Images.xcassets in Resources */ = {isa = PBXBuildFile; fileRef = AA500F531BECB31A00A9328D /* Images.xcassets */; };
		AA500F571BECB31A00A9328D /* LaunchScreen.xib in Resources */ = {isa = PBXBuildFile; fileRef = AA500F551BECB31A00A9328D /* LaunchScreen.xib */; };
		AA500F631BECB31A00A9328D /* countTests.swift in Sources */ = {isa = PBXBuildFile; fileRef = AA500F621BECB31A00A9328D /* countTests.swift */; };
		AA500F6D1BECB45D00A9328D /* スクリーンショット 2015-11-06 19.10.55.png in Resources */ = {isa = PBXBuildFile; fileRef = AA500F6C1BECB45D00A9328D /* スクリーンショット 2015-11-06 19.10.55.png */; };
		AA500F6F1BECB7EB00A9328D /* スクリーンショット 2015-11-06 19.26.39.png in Resources */ = {isa = PBXBuildFile; fileRef = AA500F6E1BECB7EB00A9328D /* スクリーンショット 2015-11-06 19.26.39.png */; };
/* End PBXBuildFile section */

/* Begin PBXContainerItemProxy section */
		AA500F5D1BECB31A00A9328D /* PBXContainerItemProxy */ = {
			isa = PBXContainerItemProxy;
			containerPortal = AA500F3F1BECB31A00A9328D /* Project object */;
			proxyType = 1;
			remoteGlobalIDString = AA500F461BECB31A00A9328D;
			remoteInfo = count;
		};
/* End PBXContainerItemProxy section */

/* Begin PBXFileReference section */
		AA500F471BECB31A00A9328D /* count.app */ = {isa = PBXFileReference; explicitFileType = wrapper.application; includeInIndex = 0; path = count.app; sourceTree = BUILT_PRODUCTS_DIR; };
		AA500F4B1BECB31A00A9328D /* Info.plist */ = {isa = PBXFileReference; lastKnownFileType = text.plist.xml; path = Info.plist; sourceTree = "<group>"; };
		AA500F4C1BECB31A00A9328D /* AppDelegate.swift */ = {isa = PBXFileReference; lastKnownFileType = sourcecode.swift; path = AppDelegate.swift; sourceTree = "<group>"; };
		AA500F4E1BECB31A00A9328D /* ViewController.swift */ = {isa = PBXFileReference; lastKnownFileType = sourcecode.swift; path = ViewController.swift; sourceTree = "<group>"; };
		AA500F511BECB31A00A9328D /* Base */ = {isa = PBXFileReference; lastKnownFileType = file.storyboard; name = Base; path = Base.lproj/Main.storyboard; sourceTree = "<group>"; };
		AA500F531BECB31A00A9328D /* Images.xcassets */ = {isa = PBXFileReference; lastKnownFileType = folder.assetcatalog; path = Images.xcassets; sourceTree = "<group>"; };
		AA500F561BECB31A00A9328D /* Base */ = {isa = PBXFileReference; lastKnownFileType = file.xib; name = Base; path = Base.lproj/LaunchScreen.xib; sourceTree = "<group>"; };
		AA500F5C1BECB31A00A9328D /* countTests.xctest */ = {isa = PBXFileReference; explicitFileType = wrapper.cfbundle; includeInIndex = 0; path = countTests.xctest; sourceTree = BUILT_PRODUCTS_DIR; };
		AA500F611BECB31A00A9328D /* Info.plist */ = {isa = PBXFileReference; lastKnownFileType = text.plist.xml; path = Info.plist; sourceTree = "<group>"; };
		AA500F621BECB31A00A9328D /* countTests.swift */ = {isa = PBXFileReference; lastKnownFileType = sourcecode.swift; path = countTests.swift; sourceTree = "<group>"; };
		AA500F6C1BECB45D00A9328D /* スクリーンショット 2015-11-06 19.10.55.png */ = {isa = PBXFileReference; lastKnownFileType = image.png; path = "スクリーンショット 2015-11-06 19.10.55.png"; sourceTree = "<group>"; };
		AA500F6E1BECB7EB00A9328D /* スクリーンショット 2015-11-06 19.26.39.png */ = {isa = PBXFileReference; lastKnownFileType = image.png; path = "スクリーンショット 2015-11-06 19.26.39.png"; sourceTree = "<group>"; };
/* End PBXFileReference section */

/* Begin PBXFrameworksBuildPhase section */
		AA500F441BECB31A00A9328D /* Frameworks */ = {
			isa = PBXFrameworksBuildPhase;
			buildActionMask = 2147483647;
			files = (
			);
			runOnlyForDeploymentPostprocessing = 0;
		};
		AA500F591BECB31A00A9328D /* Frameworks */ = {
			isa = PBXFrameworksBuildPhase;
			buildActionMask = 2147483647;
			files = (
			);
			runOnlyForDeploymentPostprocessing = 0;
		};
/* End PBXFrameworksBuildPhase section */

/* Begin PBXGroup section */
		AA500F3E1BECB31A00A9328D = {
			isa = PBXGroup;
			children = (
				AA500F491BECB31A00A9328D /* count */,
				AA500F5F1BECB31A00A9328D /* countTests */,
				AA500F481BECB31A00A9328D /* Products */,
			);
			sourceTree = "<group>";
		};
		AA500F481BECB31A00A9328D /* Products */ = {
			isa = PBXGroup;
			children = (
				AA500F471BECB31A00A9328D /* count.app */,
				AA500F5C1BECB31A00A9328D /* countTests.xctest */,
			);
			name = Products;
			sourceTree = "<group>";
		};
		AA500F491BECB31A00A9328D /* count */ = {
			isa = PBXGroup;
			children = (
				AA500F6E1BECB7EB00A9328D /* スクリーンショット 2015-11-06 19.26.39.png */,
				AA500F6C1BECB45D00A9328D /* スクリーンショット 2015-11-06 19.10.55.png */,
				AA500F4C1BECB31A00A9328D /* AppDelegate.swift */,
				AA500F4E1BECB31A00A9328D /* ViewController.swift */,
				AA500F501BECB31A00A9328D /* Main.storyboard */,
				AA500F531BECB31A00A9328D /* Images.xcassets */,
				AA500F551BECB31A00A9328D /* LaunchScreen.xib */,
				AA500F4A1BECB31A00A9328D /* Supporting Files */,
			);
			path = count;
			sourceTree = "<group>";
		};
		AA500F4A1BECB31A00A9328D /* Supporting Files */ = {
			isa = PBXGroup;
			children = (
				AA500F4B1BECB31A00A9328D /* Info.plist */,
			);
			name = "Supporting Files";
			sourceTree = "<group>";
		};
		AA500F5F1BECB31A00A9328D /* countTests */ = {
			isa = PBXGroup;
			children = (
				AA500F621BECB31A00A9328D /* countTests.swift */,
				AA500F601BECB31A00A9328D /* Supporting Files */,
			);
			path = countTests;
			sourceTree = "<group>";
		};
		AA500F601BECB31A00A9328D /* Supporting Files */ = {
			isa = PBXGroup;
			children = (
				AA500F611BECB31A00A9328D /* Info.plist */,
			);
			name = "Supporting Files";
			sourceTree = "<group>";
		};
/* End PBXGroup section */

/* Begin PBXNativeTarget section */
		AA500F461BECB31A00A9328D /* count */ = {
			isa = PBXNativeTarget;
			buildConfigurationList = AA500F661BECB31A00A9328D /* Build configuration list for PBXNativeTarget "count" */;
			buildPhases = (
				AA500F431BECB31A00A9328D /* Sources */,
				AA500F441BECB31A00A9328D /* Frameworks */,
				AA500F451BECB31A00A9328D /* Resources */,
			);
			buildRules = (
			);
			dependencies = (
			);
			name = count;
			productName = count;
			productReference = AA500F471BECB31A00A9328D /* count.app */;
			productType = "com.apple.product-type.application";
		};
		AA500F5B1BECB31A00A9328D /* countTests */ = {
			isa = PBXNativeTarget;
			buildConfigurationList = AA500F691BECB31A00A9328D /* Build configuration list for PBXNativeTarget "countTests" */;
			buildPhases = (
				AA500F581BECB31A00A9328D /* Sources */,
				AA500F591BECB31A00A9328D /* Frameworks */,
				AA500F5A1BECB31A00A9328D /* Resources */,
			);
			buildRules = (
			);
			dependencies = (
				AA500F5E1BECB31A00A9328D /* PBXTargetDependency */,
			);
			name = countTests;
			productName = countTests;
			productReference = AA500F5C1BECB31A00A9328D /* countTests.xctest */;
			productType = "com.apple.product-type.bundle.unit-test";
		};
/* End PBXNativeTarget section */

/* Begin PBXProject section */
		AA500F3F1BECB31A00A9328D /* Project object */ = {
			isa = PBXProject;
			attributes = {
				LastUpgradeCheck = 0620;
				ORGANIZATIONNAME = "Yuma Yamamoto";
				TargetAttributes = {
					AA500F461BECB31A00A9328D = {
						CreatedOnToolsVersion = 6.2;
					};
					AA500F5B1BECB31A00A9328D = {
						CreatedOnToolsVersion = 6.2;
						TestTargetID = AA500F461BECB31A00A9328D;
					};
				};
			};
			buildConfigurationList = AA500F421BECB31A00A9328D /* Build configuration list for PBXProject "count" */;
			compatibilityVersion = "Xcode 3.2";
			developmentRegion = English;
			hasScannedForEncodings = 0;
			knownRegions = (
				en,
				Base,
			);
			mainGroup = AA500F3E1BECB31A00A9328D;
			productRefGroup = AA500F481BECB31A00A9328D /* Products */;
			projectDirPath = "";
			projectRoot = "";
			targets = (
				AA500F461BECB31A00A9328D /* count */,
				AA500F5B1BECB31A00A9328D /* countTests */,
			);
		};
/* End PBXProject section */

/* Begin PBXResourcesBuildPhase section */
		AA500F451BECB31A00A9328D /* Resources */ = {
			isa = PBXResourcesBuildPhase;
			buildActionMask = 2147483647;
			files = (
				AA500F6F1BECB7EB00A9328D /* スクリーンショット 2015-11-06 19.26.39.png in Resources */,
				AA500F521BECB31A00A9328D /* Main.storyboard in Resources */,
				AA500F571BECB31A00A9328D /* LaunchScreen.xib in Resources */,
				AA500F541BECB31A00A9328D /* Images.xcassets in Resources */,
				AA500F6D1BECB45D00A9328D /* スクリーンショット 2015-11-06 19.10.55.png in Resources */,
			);
			runOnlyForDeploymentPostprocessing = 0;
		};
		AA500F5A1BECB31A00A9328D /* Resources */ = {
			isa = PBXResourcesBuildPhase;
			buildActionMask = 2147483647;
			files = (
			);
			runOnlyForDeploymentPostprocessing = 0;
		};
/* End PBXResourcesBuildPhase section */

/* Begin PBXSourcesBuildPhase section */
		AA500F431BECB31A00A9328D /* Sources */ = {
			isa = PBXSourcesBuildPhase;
			buildActionMask = 2147483647;
			files = (
				AA500F4F1BECB31A00A9328D /* ViewController.swift in Sources */,
				AA500F4D1BECB31A00A9328D /* AppDelegate.swift in Sources */,
			);
			runOnlyForDeploymentPostprocessing = 0;
		};
		AA500F581BECB31A00A9328D /* Sources */ = {
			isa = PBXSourcesBuildPhase;
			buildActionMask = 2147483647;
			files = (
				AA500F631BECB31A00A9328D /* countTests.swift in Sources */,
			);
			runOnlyForDeploymentPostprocessing = 0;
		};
/* End PBXSourcesBuildPhase section */

/* Begin PBXTargetDependency section */
		AA500F5E1BECB31A00A9328D /* PBXTargetDependency */ = {
			isa = PBXTargetDependency;
			target = AA500F461BECB31A00A9328D /* count */;
			targetProxy = AA500F5D1BECB31A00A9328D /* PBXContainerItemProxy */;
		};
/* End PBXTargetDependency section */

/* Begin PBXVariantGroup section */
		AA500F501BECB31A00A9328D /* Main.storyboard */ = {
			isa = PBXVariantGroup;
			children = (
				AA500F511BECB31A00A9328D /* Base */,
			);
			name = Main.storyboard;
			sourceTree = "<group>";
		};
		AA500F551BECB31A00A9328D /* LaunchScreen.xib */ = {
			isa = PBXVariantGroup;
			children = (
				AA500F561BECB31A00A9328D /* Base */,
			);
			name = LaunchScreen.xib;
			sourceTree = "<group>";
		};
/* End PBXVariantGroup section */

/* Begin XCBuildConfiguration section */
		AA500F641BECB31A00A9328D /* Debug */ = {
			isa = XCBuildConfiguration;
			buildSettings = {
				ALWAYS_SEARCH_USER_PATHS = NO;
				CLANG_CXX_LANGUAGE_STANDARD = "gnu++0x";
				CLANG_CXX_LIBRARY = "libc++";
				CLANG_ENABLE_MODULES = YES;
				CLANG_ENABLE_OBJC_ARC = YES;
				CLANG_WARN_BOOL_CONVERSION = YES;
				CLANG_WARN_CONSTANT_CONVERSION = YES;
				CLANG_WARN_DIRECT_OBJC_ISA_USAGE = YES_ERROR;
				CLANG_WARN_EMPTY_BODY = YES;
				CLANG_WARN_ENUM_CONVERSION = YES;
				CLANG_WARN_INT_CONVERSION = YES;
				CLANG_WARN_OBJC_ROOT_CLASS = YES_ERROR;
				CLANG_WARN_UNREACHABLE_CODE = YES;
				CLANG_WARN__DUPLICATE_METHOD_MATCH = YES;
				"CODE_SIGN_IDENTITY[sdk=iphoneos*]" = "iPhone Developer";
				COPY_PHASE_STRIP = NO;
				ENABLE_STRICT_OBJC_MSGSEND = YES;
				GCC_C_LANGUAGE_STANDARD = gnu99;
				GCC_DYNAMIC_NO_PIC = NO;
				GCC_OPTIMIZATION_LEVEL = 0;
				GCC_PREPROCESSOR_DEFINITIONS = (
					"DEBUG=1",
					"$(inherited)",
				);
				GCC_SYMBOLS_PRIVATE_EXTERN = NO;
				GCC_WARN_64_TO_32_BIT_CONVERSION = YES;
				GCC_WARN_ABOUT_RETURN_TYPE = YES_ERROR;
				GCC_WARN_UNDECLARED_SELECTOR = YES;
				GCC_WARN_UNINITIALIZED_AUTOS = YES_AGGRESSIVE;
				GCC_WARN_UNUSED_FUNCTION = YES;
				GCC_WARN_UNUSED_VARIABLE = YES;
				IPHONEOS_DEPLOYMENT_TARGET = 8.2;
				MTL_ENABLE_DEBUG_INFO = YES;
				ONLY_ACTIVE_ARCH = YES;
				SDKROOT = iphoneos;
				SWIFT_OPTIMIZATION_LEVEL = "-Onone";
			};
			name = Debug;
		};
		AA500F651BECB31A00A9328D /* Release */ = {
			isa = XCBuildConfiguration;
			buildSettings = {
				ALWAYS_SEARCH_USER_PATHS = NO;
				CLANG_CXX_LANGUAGE_STANDARD = "gnu++0x";
				CLANG_CXX_LIBRARY = "libc++";
				CLANG_ENABLE_MODULES = YES;
				CLANG_ENABLE_OBJC_ARC = YES;
				CLANG_WARN_BOOL_CONVERSION = YES;
				CLANG_WARN_CONSTANT_CONVERSION = YES;
				CLANG_WARN_DIRECT_OBJC_ISA_USAGE = YES_ERROR;
				CLANG_WARN_EMPTY_BODY = YES;
				CLANG_WARN_ENUM_CONVERSION = YES;
				CLANG_WARN_INT_CONVERSION = YES;
				CLANG_WARN_OBJC_ROOT_CLASS = YES_ERROR;
				CLANG_WARN_UNREACHABLE_CODE = YES;
				CLANG_WARN__DUPLICATE_METHOD_MATCH = YES;
				"CODE_SIGN_IDENTITY[sdk=iphoneos*]" = "iPhone Developer";
				COPY_PHASE_STRIP = NO;
				ENABLE_NS_ASSERTIONS = NO;
				ENABLE_STRICT_OBJC_MSGSEND = YES;
				GCC_C_LANGUAGE_STANDARD = gnu99;
				GCC_WARN_64_TO_32_BIT_CONVERSION = YES;
				GCC_WARN_ABOUT_RETURN_TYPE = YES_ERROR;
				GCC_WARN_UNDECLARED_SELECTOR = YES;
				GCC_WARN_UNINITIALIZED_AUTOS = YES_AGGRESSIVE;
				GCC_WARN_UNUSED_FUNCTION = YES;
				GCC_WARN_UNUSED_VARIABLE = YES;
				IPHONEOS_DEPLOYMENT_TARGET = 8.2;
				MTL_ENABLE_DEBUG_INFO = NO;
				SDKROOT = iphoneos;
				VALIDATE_PRODUCT = YES;
			};
			name = Release;
		};
		AA500F671BECB31A00A9328D /* Debug */ = {
			isa = XCBuildConfiguration;
			buildSettings = {
				ASSETCATALOG_COMPILER_APPICON_NAME = AppIcon;
				INFOPLIST_FILE = count/Info.plist;
				LD_RUNPATH_SEARCH_PATHS = "$(inherited) @executable_path/Frameworks";
				PRODUCT_NAME = "$(TARGET_NAME)";
			};
			name = Debug;
		};
		AA500F681BECB31A00A9328D /* Release */ = {
			isa = XCBuildConfiguration;
			buildSettings = {
				ASSETCATALOG_COMPILER_APPICON_NAME = AppIcon;
				INFOPLIST_FILE = count/Info.plist;
				LD_RUNPATH_SEARCH_PATHS = "$(inherited) @executable_path/Frameworks";
				PRODUCT_NAME = "$(TARGET_NAME)";
			};
			name = Release;
		};
		AA500F6A1BECB31A00A9328D /* Debug */ = {
			isa = XCBuildConfiguration;
			buildSettings = {
				BUNDLE_LOADER = "$(TEST_HOST)";
				FRAMEWORK_SEARCH_PATHS = (
					"$(SDKROOT)/Developer/Library/Frameworks",
					"$(inherited)",
				);
				GCC_PREPROCESSOR_DEFINITIONS = (
					"DEBUG=1",
					"$(inherited)",
				);
				INFOPLIST_FILE = countTests/Info.plist;
				LD_RUNPATH_SEARCH_PATHS = "$(inherited) @executable_path/Frameworks @loader_path/Frameworks";
				PRODUCT_NAME = "$(TARGET_NAME)";
				TEST_HOST = "$(BUILT_PRODUCTS_DIR)/count.app/count";
			};
			name = Debug;
		};
		AA500F6B1BECB31A00A9328D /* Release */ = {
			isa = XCBuildConfiguration;
			buildSettings = {
				BUNDLE_LOADER = "$(TEST_HOST)";
				FRAMEWORK_SEARCH_PATHS = (
					"$(SDKROOT)/Developer/Library/Frameworks",
					"$(inherited)",
				);
				INFOPLIST_FILE = countTests/Info.plist;
				LD_RUNPATH_SEARCH_PATHS = "$(inherited) @executable_path/Frameworks @loader_path/Frameworks";
				PRODUCT_NAME = "$(TARGET_NAME)";
				TEST_HOST = "$(BUILT_PRODUCTS_DIR)/count.app/count";
			};
			name = Release;
		};
/* End XCBuildConfiguration section */

/* Begin XCConfigurationList section */
		AA500F421BECB31A00A9328D /* Build configuration list for PBXProject "count" */ = {
			isa = XCConfigurationList;
			buildConfigurations = (
				AA500F641BECB31A00A9328D /* Debug */,
				AA500F651BECB31A00A9328D /* Release */,
			);
			defaultConfigurationIsVisible = 0;
			defaultConfigurationName = Release;
		};
		AA500F661BECB31A00A9328D /* Build configuration list for PBXNativeTarget "count" */ = {
			isa = XCConfigurationList;
			buildConfigurations = (
				AA500F671BECB31A00A9328D /* Debug */,
				AA500F681BECB31A00A9328D /* Release */,
			);
			defaultConfigurationIsVisible = 0;
			defaultConfigurationName = Release;
		};
		AA500F691BECB31A00A9328D /* Build configuration list for PBXNativeTarget "countTests" */ = {
			isa = XCConfigurationList;
			buildConfigurations = (
				AA500F6A1BECB31A00A9328D /* Debug */,
				AA500F6B1BECB31A00A9328D /* Release */,
			);
			defaultConfigurationIsVisible = 0;
			defaultConfigurationName = Release;
		};
/* End XCConfigurationList section */
	};
	rootObject = AA500F3F1BECB31A00A9328D /* Project object */;
}
